
Microsoft Visual Studio Solution File, Format Version 12.00
# Visual Studio Version 17
VisualStudioVersion = 17.11.35312.102
MinimumVisualStudioVersion = 10.0.40219.1
Project("{FAE04EC0-301F-11D3-BF4B-00C04F79EFBC}") = "Progetto_Gioco_a_Turni_Identity", "Progetto_Gioco_a_Turni_Identity\Progetto_Gioco_a_Turni_Identity.csproj", "{D5317373-7AEA-4EE4-BD14-4C53ADAB8A86}"
EndProject
Global
	GlobalSection(SolutionConfigurationPlatforms) = preSolution
		Debug|Any CPU = Debug|Any CPU
		Release|Any CPU = Release|Any CPU
	EndGlobalSection
	GlobalSection(ProjectConfigurationPlatforms) = postSolution
		{D5317373-7AEA-4EE4-BD14-4C53ADAB8A86}.Debug|Any CPU.ActiveCfg = Debug|Any CPU
		{D5317373-7AEA-4EE4-BD14-4C53ADAB8A86}.Debug|Any CPU.Build.0 = Debug|Any CPU
		{D5317373-7AEA-4EE4-BD14-4C53ADAB8A86}.Release|Any CPU.ActiveCfg = Release|Any CPU
		{D5317373-7AEA-4EE4-BD14-4C53ADAB8A86}.Release|Any CPU.Build.0 = Release|Any CPU
	EndGlobalSection
	GlobalSection(SolutionProperties) = preSolution
		HideSolutionNode = FALSE
	EndGlobalSection
	GlobalSection(ExtensibilityGlobals) = postSolution
		SolutionGuid = {66A50D38-0AC4-45AB-B546-1024CED4110E}
	EndGlobalSection
EndGlobal
